
Microsoft Visual Studio Solution File, Format Version 12.00
# Visual Studio 15
VisualStudioVersion = 15.0.28307.421
MinimumVisualStudioVersion = 10.0.40219.1
Project("{FAE04EC0-301F-11D3-BF4B-00C04F79EFBC}") = "BSK_2", "BSK_2\BSK_2.csproj", "{FC7CF392-8A72-4D73-9079-B82EE7148BF5}"
EndProject
Global
	GlobalSection(SolutionConfigurationPlatforms) = preSolution
		Debug|Any CPU = Debug|Any CPU
		Release|Any CPU = Release|Any CPU
	EndGlobalSection
	GlobalSection(ProjectConfigurationPlatforms) = postSolution
		{FC7CF392-8A72-4D73-9079-B82EE7148BF5}.Debug|Any CPU.ActiveCfg = Debug|Any CPU
		{FC7CF392-8A72-4D73-9079-B82EE7148BF5}.Debug|Any CPU.Build.0 = Debug|Any CPU
		{FC7CF392-8A72-4D73-9079-B82EE7148BF5}.Release|Any CPU.ActiveCfg = Release|Any CPU
		{FC7CF392-8A72-4D73-9079-B82EE7148BF5}.Release|Any CPU.Build.0 = Release|Any CPU
	EndGlobalSection
	GlobalSection(SolutionProperties) = preSolution
		HideSolutionNode = FALSE
	EndGlobalSection
	GlobalSection(ExtensibilityGlobals) = postSolution
		SolutionGuid = {F1235B5E-8D60-422D-91E2-E276F2570F83}
	EndGlobalSection
EndGlobal
